version = 1
revision = 2
requires-python = "==3.9.*"

[[package]]
name = "certifi"
version = "2025.8.3"
source = { registry = "https://pypi.org/simple" }
sdist = { url = "https://files.pythonhosted.org/packages/dc/67/960ebe6bf230a96cda2e0abcf73af550ec4f090005363542f0765df162e0/certifi-2025.8.3.tar.gz", hash = "sha256:e564105f78ded564e3ae7c923924435e1daa7463faeab5bb932bc53ffae63407", size = 162386, upload-time = "2025-08-03T03:07:47.08Z" }
wheels = [
    { url = "https://files.pythonhosted.org/packages/e5/48/1549795ba7742c948d2ad169c1c8cdbae65bc450d6cd753d124b17c8cd32/certifi-2025.8.3-py3-none-any.whl", hash = "sha256:f6c12493cfb1b06ba2ff328595af9350c65d6644968e5d3a2ffd78699af217a5", size = 161216, upload-time = "2025-08-03T03:07:45.777Z" },
]

[[package]]
name = "charset-normalizer"
version = "3.4.3"
source = { registry = "https://pypi.org/simple" }
sdist = { url = "https://files.pythonhosted.org/packages/83/2d/5fd176ceb9b2fc619e63405525573493ca23441330fcdaee6bef9460e924/charset_normalizer-3.4.3.tar.gz", hash = "sha256:6fce4b8500244f6fcb71465d4a4930d132ba9ab8e71a7859e6a5d59851068d14", size = 122371, upload-time = "2025-08-09T07:57:28.46Z" }
wheels = [
    { url = "https://files.pythonhosted.org/packages/c2/ca/9a0983dd5c8e9733565cf3db4df2b0a2e9a82659fd8aa2a868ac6e4a991f/charset_normalizer-3.4.3-cp39-cp39-macosx_10_9_universal2.whl", hash = "sha256:70bfc5f2c318afece2f5838ea5e4c3febada0be750fcf4775641052bbba14d05", size = 207520, upload-time = "2025-08-09T07:57:11.026Z" },
    { url = "https://files.pythonhosted.org/packages/39/c6/99271dc37243a4f925b09090493fb96c9333d7992c6187f5cfe5312008d2/charset_normalizer-3.4.3-cp39-cp39-manylinux2014_aarch64.manylinux_2_17_aarch64.manylinux_2_28_aarch64.whl", hash = "sha256:23b6b24d74478dc833444cbd927c338349d6ae852ba53a0d02a2de1fce45b96e", size = 147307, upload-time = "2025-08-09T07:57:12.4Z" },
    { url = "https://files.pythonhosted.org/packages/e4/69/132eab043356bba06eb333cc2cc60c6340857d0a2e4ca6dc2b51312886b3/charset_normalizer-3.4.3-cp39-cp39-manylinux2014_ppc64le.manylinux_2_17_ppc64le.manylinux_2_28_ppc64le.whl", hash = "sha256:34a7f768e3f985abdb42841e20e17b330ad3aaf4bb7e7aeeb73db2e70f077b99", size = 160448, upload-time = "2025-08-09T07:57:13.712Z" },
    { url = "https://files.pythonhosted.org/packages/04/9a/914d294daa4809c57667b77470533e65def9c0be1ef8b4c1183a99170e9d/charset_normalizer-3.4.3-cp39-cp39-manylinux2014_s390x.manylinux_2_17_s390x.manylinux_2_28_s390x.whl", hash = "sha256:fb731e5deb0c7ef82d698b0f4c5bb724633ee2a489401594c5c88b02e6cb15f7", size = 157758, upload-time = "2025-08-09T07:57:14.979Z" },
    { url = "https://files.pythonhosted.org/packages/b0/a8/6f5bcf1bcf63cb45625f7c5cadca026121ff8a6c8a3256d8d8cd59302663/charset_normalizer-3.4.3-cp39-cp39-manylinux2014_x86_64.manylinux_2_17_x86_64.manylinux_2_28_x86_64.whl", hash = "sha256:257f26fed7d7ff59921b78244f3cd93ed2af1800ff048c33f624c87475819dd7", size = 152487, upload-time = "2025-08-09T07:57:16.332Z" },
    { url = "https://files.pythonhosted.org/packages/c4/72/d3d0e9592f4e504f9dea08b8db270821c909558c353dc3b457ed2509f2fb/charset_normalizer-3.4.3-cp39-cp39-musllinux_1_2_aarch64.whl", hash = "sha256:1ef99f0456d3d46a50945c98de1774da86f8e992ab5c77865ea8b8195341fc19", size = 150054, upload-time = "2025-08-09T07:57:17.576Z" },
    { url = "https://files.pythonhosted.org/packages/20/30/5f64fe3981677fe63fa987b80e6c01042eb5ff653ff7cec1b7bd9268e54e/charset_normalizer-3.4.3-cp39-cp39-musllinux_1_2_ppc64le.whl", hash = "sha256:2c322db9c8c89009a990ef07c3bcc9f011a3269bc06782f916cd3d9eed7c9312", size = 161703, upload-time = "2025-08-09T07:57:20.012Z" },
    { url = "https://files.pythonhosted.org/packages/e1/ef/dd08b2cac9284fd59e70f7d97382c33a3d0a926e45b15fc21b3308324ffd/charset_normalizer-3.4.3-cp39-cp39-musllinux_1_2_s390x.whl", hash = "sha256:511729f456829ef86ac41ca78c63a5cb55240ed23b4b737faca0eb1abb1c41bc", size = 159096, upload-time = "2025-08-09T07:57:21.329Z" },
    { url = "https://files.pythonhosted.org/packages/45/8c/dcef87cfc2b3f002a6478f38906f9040302c68aebe21468090e39cde1445/charset_normalizer-3.4.3-cp39-cp39-musllinux_1_2_x86_64.whl", hash = "sha256:88ab34806dea0671532d3f82d82b85e8fc23d7b2dd12fa837978dad9bb392a34", size = 153852, upload-time = "2025-08-09T07:57:22.608Z" },
    { url = "https://files.pythonhosted.org/packages/63/86/9cbd533bd37883d467fcd1bd491b3547a3532d0fbb46de2b99feeebf185e/charset_normalizer-3.4.3-cp39-cp39-win32.whl", hash = "sha256:16a8770207946ac75703458e2c743631c79c59c5890c80011d536248f8eaa432", size = 99840, upload-time = "2025-08-09T07:57:23.883Z" },
    { url = "https://files.pythonhosted.org/packages/ce/d6/7e805c8e5c46ff9729c49950acc4ee0aeb55efb8b3a56687658ad10c3216/charset_normalizer-3.4.3-cp39-cp39-win_amd64.whl", hash = "sha256:d22dbedd33326a4a5190dd4fe9e9e693ef12160c77382d9e87919bce54f3d4ca", size = 107438, upload-time = "2025-08-09T07:57:25.287Z" },
    { url = "https://files.pythonhosted.org/packages/8a/1f/f041989e93b001bc4e44bb1669ccdcf54d3f00e628229a85b08d330615c5/charset_normalizer-3.4.3-py3-none-any.whl", hash = "sha256:ce571ab16d890d23b5c278547ba694193a45011ff86a9162a71307ed9f86759a", size = 53175, upload-time = "2025-08-09T07:57:26.864Z" },
]

[[package]]
name = "colorama"
version = "0.4.6"
source = { registry = "https://pypi.org/simple" }
sdist = { url = "https://files.pythonhosted.org/packages/d8/53/6f443c9a4a8358a93a6792e2acffb9d9d5cb0a5cfd8802644b7b1c9a02e4/colorama-0.4.6.tar.gz", hash = "sha256:08695f5cb7ed6e0531a20572697297273c47b8cae5a63ffc6d6ed5c201be6e44", size = 27697, upload-time = "2022-10-25T02:36:22.414Z" }
wheels = [
    { url = "https://files.pythonhosted.org/packages/d1/d6/3965ed04c63042e047cb6a3e6ed1a63a35087b6a609aa3a15ed8ac56c221/colorama-0.4.6-py2.py3-none-any.whl", hash = "sha256:4f1d9991f5acc0ca119f9d443620b77f9d6b33703e51011c16baf57afb285fc6", size = 25335, upload-time = "2022-10-25T02:36:20.889Z" },
]

[[package]]
name = "filelock"
version = "3.19.1"
source = { registry = "https://pypi.org/simple" }
sdist = { url = "https://files.pythonhosted.org/packages/40/bb/0ab3e58d22305b6f5440629d20683af28959bf793d98d11950e305c1c326/filelock-3.19.1.tar.gz", hash = "sha256:66eda1888b0171c998b35be2bcc0f6d75c388a7ce20c3f3f37aa8e96c2dddf58", size = 17687, upload-time = "2025-08-14T16:56:03.016Z" }
wheels = [
    { url = "https://files.pythonhosted.org/packages/42/14/42b2651a2f46b022ccd948bca9f2d5af0fd8929c4eec235b8d6d844fbe67/filelock-3.19.1-py3-none-any.whl", hash = "sha256:d38e30481def20772f5baf097c122c3babc4fcdb7e14e57049eb9d88c6dc017d", size = 15988, upload-time = "2025-08-14T16:56:01.633Z" },
]

[[package]]
name = "fsspec"
version = "2025.7.0"
source = { registry = "https://pypi.org/simple" }
sdist = { url = "https://files.pythonhosted.org/packages/8b/02/0835e6ab9cfc03916fe3f78c0956cfcdb6ff2669ffa6651065d5ebf7fc98/fsspec-2025.7.0.tar.gz", hash = "sha256:786120687ffa54b8283d942929540d8bc5ccfa820deb555a2b5d0ed2b737bf58", size = 304432, upload-time = "2025-07-15T16:05:21.19Z" }
wheels = [
    { url = "https://files.pythonhosted.org/packages/2f/e0/014d5d9d7a4564cf1c40b5039bc882db69fd881111e03ab3657ac0b218e2/fsspec-2025.7.0-py3-none-any.whl", hash = "sha256:8b012e39f63c7d5f10474de957f3ab793b47b45ae7d39f2fb735f8bbe25c0e21", size = 199597, upload-time = "2025-07-15T16:05:19.529Z" },
]

[[package]]
name = "h5py"
version = "3.14.0"
source = { registry = "https://pypi.org/simple" }
dependencies = [
    { name = "numpy" },
]
sdist = { url = "https://files.pythonhosted.org/packages/5d/57/dfb3c5c3f1bf5f5ef2e59a22dec4ff1f3d7408b55bfcefcfb0ea69ef21c6/h5py-3.14.0.tar.gz", hash = "sha256:2372116b2e0d5d3e5e705b7f663f7c8d96fa79a4052d250484ef91d24d6a08f4", size = 424323, upload-time = "2025-06-06T14:06:15.01Z" }
wheels = [
    { url = "https://files.pythonhosted.org/packages/ec/ac/9ea82488c8790ee5b6ad1a807cd7dc3b9dadfece1cd0e0e369f68a7a8937/h5py-3.14.0-cp39-cp39-macosx_10_9_x86_64.whl", hash = "sha256:f5cc1601e78027cedfec6dd50efb4802f018551754191aeb58d948bd3ec3bd7a", size = 3345097, upload-time = "2025-06-06T14:05:51.984Z" },
    { url = "https://files.pythonhosted.org/packages/6c/bc/a172ecaaf287e3af2f837f23b470b0a2229c79555a0da9ac8b5cc5bed078/h5py-3.14.0-cp39-cp39-macosx_11_0_arm64.whl", hash = "sha256:5e59d2136a8b302afd25acdf7a89b634e0eb7c66b1a211ef2d0457853768a2ef", size = 2843320, upload-time = "2025-06-06T14:05:55.754Z" },
    { url = "https://files.pythonhosted.org/packages/66/40/b423b57696514e05aa7bb06150ef96667d0e0006cc6de7ab52c71734ab51/h5py-3.14.0-cp39-cp39-manylinux_2_17_aarch64.manylinux2014_aarch64.whl", hash = "sha256:573c33ad056ac7c1ab6d567b6db9df3ffc401045e3f605736218f96c1e0490c6", size = 4326368, upload-time = "2025-06-06T14:06:00.782Z" },
    { url = "https://files.pythonhosted.org/packages/f7/07/e088f89f04fdbe57ddf9de377f857158d3daa38cf5d0fb20ef9bd489e313/h5py-3.14.0-cp39-cp39-manylinux_2_17_x86_64.manylinux2014_x86_64.whl", hash = "sha256:ccbe17dc187c0c64178f1a10aa274ed3a57d055117588942b8a08793cc448216", size = 4559686, upload-time = "2025-06-06T14:06:07.416Z" },
    { url = "https://files.pythonhosted.org/packages/b4/e4/fb8032d0e5480b1db9b419b5b50737b61bb3c7187c49d809975d62129fb0/h5py-3.14.0-cp39-cp39-win_amd64.whl", hash = "sha256:4f025cf30ae738c4c4e38c7439a761a71ccfcce04c2b87b2a2ac64e8c5171d43", size = 2877166, upload-time = "2025-06-06T14:06:13.05Z" },
]

[[package]]
name = "hf-xet"
version = "1.1.8"
source = { registry = "https://pypi.org/simple" }
sdist = { url = "https://files.pythonhosted.org/packages/7a/49/91010b59debc7c862a5fd426d343134dd9a68778dbe570234b6495a4e204/hf_xet-1.1.8.tar.gz", hash = "sha256:62a0043e441753bbc446dcb5a3fe40a4d03f5fb9f13589ef1df9ab19252beb53", size = 484065, upload-time = "2025-08-18T22:01:03.584Z" }
wheels = [
    { url = "https://files.pythonhosted.org/packages/9c/91/5814db3a0d4a65fb6a87f0931ae28073b87f06307701fe66e7c41513bfb4/hf_xet-1.1.8-cp37-abi3-macosx_10_12_x86_64.whl", hash = "sha256:3d5f82e533fc51c7daad0f9b655d9c7811b5308e5890236828bd1dd3ed8fea74", size = 2752357, upload-time = "2025-08-18T22:00:58.777Z" },
    { url = "https://files.pythonhosted.org/packages/70/72/ce898516e97341a7a9d450609e130e108643389110261eaee6deb1ba8545/hf_xet-1.1.8-cp37-abi3-macosx_11_0_arm64.whl", hash = "sha256:8e2dba5896bca3ab61d0bef4f01a1647004de59640701b37e37eaa57087bbd9d", size = 2613142, upload-time = "2025-08-18T22:00:57.252Z" },
    { url = "https://files.pythonhosted.org/packages/b7/d6/13af5f916cef795ac2b5e4cc1de31f2e0e375f4475d50799915835f301c2/hf_xet-1.1.8-cp37-abi3-manylinux_2_17_x86_64.manylinux2014_x86_64.whl", hash = "sha256:bfe5700bc729be3d33d4e9a9b5cc17a951bf8c7ada7ba0c9198a6ab2053b7453", size = 3175859, upload-time = "2025-08-18T22:00:55.978Z" },
    { url = "https://files.pythonhosted.org/packages/4c/ed/34a193c9d1d72b7c3901b3b5153b1be9b2736b832692e1c3f167af537102/hf_xet-1.1.8-cp37-abi3-manylinux_2_28_aarch64.whl", hash = "sha256:09e86514c3c4284ed8a57d6b0f3d089f9836a0af0a1ceb3c9dd664f1f3eaefef", size = 3074178, upload-time = "2025-08-18T22:00:54.147Z" },
    { url = "https://files.pythonhosted.org/packages/4a/1b/de6817b4bf65385280252dff5c9cceeedfbcb27ddb93923639323c1034a4/hf_xet-1.1.8-cp37-abi3-musllinux_1_2_aarch64.whl", hash = "sha256:4a9b99ab721d385b83f4fc8ee4e0366b0b59dce03b5888a86029cc0ca634efbf", size = 3238122, upload-time = "2025-08-18T22:01:00.546Z" },
    { url = "https://files.pythonhosted.org/packages/b7/13/874c85c7ed519ec101deb654f06703d9e5e68d34416730f64c4755ada36a/hf_xet-1.1.8-cp37-abi3-musllinux_1_2_x86_64.whl", hash = "sha256:25b9d43333bbef39aeae1616789ec329c21401a7fe30969d538791076227b591", size = 3344325, upload-time = "2025-08-18T22:01:02.013Z" },
    { url = "https://files.pythonhosted.org/packages/9e/d3/0aaf279f4f3dea58e99401b92c31c0f752924ba0e6c7d7bb07b1dbd7f35e/hf_xet-1.1.8-cp37-abi3-win_amd64.whl", hash = "sha256:4171f31d87b13da4af1ed86c98cf763292e4720c088b4957cf9d564f92904ca9", size = 2801689, upload-time = "2025-08-18T22:01:04.81Z" },
]

[[package]]
name = "huggingface-hub"
version = "0.34.4"
source = { registry = "https://pypi.org/simple" }
dependencies = [
    { name = "filelock" },
    { name = "fsspec" },
    { name = "hf-xet", marker = "platform_machine == 'aarch64' or platform_machine == 'amd64' or platform_machine == 'arm64' or platform_machine == 'x86_64'" },
    { name = "packaging" },
    { name = "pyyaml" },
    { name = "requests" },
    { name = "tqdm" },
    { name = "typing-extensions" },
]
sdist = { url = "https://files.pythonhosted.org/packages/45/c9/bdbe19339f76d12985bc03572f330a01a93c04dffecaaea3061bdd7fb892/huggingface_hub-0.34.4.tar.gz", hash = "sha256:a4228daa6fb001be3f4f4bdaf9a0db00e1739235702848df00885c9b5742c85c", size = 459768, upload-time = "2025-08-08T09:14:52.365Z" }
wheels = [
    { url = "https://files.pythonhosted.org/packages/39/7b/bb06b061991107cd8783f300adff3e7b7f284e330fd82f507f2a1417b11d/huggingface_hub-0.34.4-py3-none-any.whl", hash = "sha256:9b365d781739c93ff90c359844221beef048403f1bc1f1c123c191257c3c890a", size = 561452, upload-time = "2025-08-08T09:14:50.159Z" },
]

[[package]]
name = "idna"
version = "3.10"
source = { registry = "https://pypi.org/simple" }
sdist = { url = "https://files.pythonhosted.org/packages/f1/70/7703c29685631f5a7590aa73f1f1d3fa9a380e654b86af429e0934a32f7d/idna-3.10.tar.gz", hash = "sha256:12f65c9b470abda6dc35cf8e63cc574b1c52b11df2c86030af0ac09b01b13ea9", size = 190490, upload-time = "2024-09-15T18:07:39.745Z" }
wheels = [
    { url = "https://files.pythonhosted.org/packages/76/c6/c88e154df9c4e1a2a66ccf0005a88dfb2650c1dffb6f5ce603dfbd452ce3/idna-3.10-py3-none-any.whl", hash = "sha256:946d195a0d259cbba61165e88e65941f16e9b36ea6ddb97f00452bae8b1287d3", size = 70442, upload-time = "2024-09-15T18:07:37.964Z" },
]

[[package]]
name = "joblib"
version = "1.5.1"
source = { registry = "https://pypi.org/simple" }
sdist = { url = "https://files.pythonhosted.org/packages/dc/fe/0f5a938c54105553436dbff7a61dc4fed4b1b2c98852f8833beaf4d5968f/joblib-1.5.1.tar.gz", hash = "sha256:f4f86e351f39fe3d0d32a9f2c3d8af1ee4cec285aafcb27003dda5205576b444", size = 330475, upload-time = "2025-05-23T12:04:37.097Z" }
wheels = [
    { url = "https://files.pythonhosted.org/packages/7d/4f/1195bbac8e0c2acc5f740661631d8d750dc38d4a32b23ee5df3cde6f4e0d/joblib-1.5.1-py3-none-any.whl", hash = "sha256:4719a31f054c7d766948dcd83e9613686b27114f190f717cec7eaa2084f8a74a", size = 307746, upload-time = "2025-05-23T12:04:35.124Z" },
]

[[package]]
name = "numpy"
version = "1.19.5"
source = { registry = "https://pypi.org/simple" }
sdist = { url = "https://files.pythonhosted.org/packages/51/60/3f0fe5b7675a461d96b9d6729beecd3532565743278a9c3fe6dd09697fa7/numpy-1.19.5.zip", hash = "sha256:a76f502430dd98d7546e1ea2250a7360c065a5fdea52b2dffe8ae7180909b6f4", size = 7318340, upload-time = "2021-01-05T17:45:27.995Z" }
wheels = [
    { url = "https://files.pythonhosted.org/packages/e1/c5/65b2f257a154c7fabc1895b435e7863a1f0bb1769d3c28f1500976e090ee/numpy-1.19.5-cp39-cp39-macosx_10_9_x86_64.whl", hash = "sha256:c843b3f50d1ab7361ca4f0b3639bf691569493a56808a0b0c54a051d260b7dbd", size = 15627844, upload-time = "2021-01-05T17:38:07.188Z" },
    { url = "https://files.pythonhosted.org/packages/a7/67/06b4c4af90b22ce97270eb75927e42b31b814be44a28e12ec2d9ff8995e7/numpy-1.19.5-cp39-cp39-manylinux1_i686.whl", hash = "sha256:d6631f2e867676b13026e2846180e2c13c1e11289d67da08d71cacb2cd93d4aa", size = 11495111, upload-time = "2021-01-05T17:38:48.451Z" },
    { url = "https://files.pythonhosted.org/packages/89/62/189b502767f70a310a010c397fcd52169fdf75f6876e52beb54e98f1ce93/numpy-1.19.5-cp39-cp39-manylinux1_x86_64.whl", hash = "sha256:7fb43004bce0ca31d8f13a6eb5e943fa73371381e53f7074ed21a4cb786c32f8", size = 13392564, upload-time = "2021-01-05T17:39:35.606Z" },
    { url = "https://files.pythonhosted.org/packages/60/f1/9afcfd695ffa3d8295aa2180ae9499f3ab03ddde7ac559c320945f7c4725/numpy-1.19.5-cp39-cp39-manylinux2010_i686.whl", hash = "sha256:2ea52bd92ab9f768cc64a4c3ef8f4b2580a17af0a5436f6126b08efbd1838371", size = 12602683, upload-time = "2021-01-05T17:40:20.035Z" },
    { url = "https://files.pythonhosted.org/packages/f7/50/02c0fb5d913901ad643934713a31567df9b5065c28efc9672b707f80dfb1/numpy-1.19.5-cp39-cp39-manylinux2010_x86_64.whl", hash = "sha256:400580cbd3cff6ffa6293df2278c75aef2d58d8d93d3c5614cd67981dae68ceb", size = 14886464, upload-time = "2021-01-05T17:41:13.272Z" },
    { url = "https://files.pythonhosted.org/packages/91/11/059ef2ef98f9eea49ece6d6046bc537c3050c575108a51a624a179c8e7e3/numpy-1.19.5-cp39-cp39-manylinux2014_aarch64.whl", hash = "sha256:df609c82f18c5b9f6cb97271f03315ff0dbe481a2a02e56aeb1b1a985ce38e60", size = 12411067, upload-time = "2021-01-05T17:41:57.002Z" },
    { url = "https://files.pythonhosted.org/packages/77/fb/f0b570d098e23a899c8e64b3ceaa51bcba617789a45d8b558ad255aa867a/numpy-1.19.5-cp39-cp39-win32.whl", hash = "sha256:ab83f24d5c52d60dbc8cd0528759532736b56db58adaa7b5f1f76ad551416a1e", size = 11029423, upload-time = "2021-01-05T17:42:40.606Z" },
    { url = "https://files.pythonhosted.org/packages/bc/40/d6f7ba9ce5406b578e538325828ea43849a3dfd8db63d1147a257d19c8d1/numpy-1.19.5-cp39-cp39-win_amd64.whl", hash = "sha256:0eef32ca3132a48e43f6a0f5a82cb508f22ce5a3d6f67a8329c81c8e226d3f6e", size = 13267873, upload-time = "2021-01-05T17:43:27.807Z" },
]

[[package]]
name = "packaging"
version = "25.0"
source = { registry = "https://pypi.org/simple" }
sdist = { url = "https://files.pythonhosted.org/packages/a1/d4/1fc4078c65507b51b96ca8f8c3ba19e6a61c8253c72794544580a7b6c24d/packaging-25.0.tar.gz", hash = "sha256:d443872c98d677bf60f6a1f2f8c1cb748e8fe762d2bf9d3148b5599295b0fc4f", size = 165727, upload-time = "2025-04-19T11:48:59.673Z" }
wheels = [
    { url = "https://files.pythonhosted.org/packages/20/12/38679034af332785aac8774540895e234f4d07f7545804097de4b666afd8/packaging-25.0-py3-none-any.whl", hash = "sha256:29572ef2b1f17581046b3a2227d5c611fb25ec70ca1ba8554b24b0e69331a484", size = 66469, upload-time = "2025-04-19T11:48:57.875Z" },
]

[[package]]
name = "pillow"
version = "11.3.0"
source = { registry = "https://pypi.org/simple" }
sdist = { url = "https://files.pythonhosted.org/packages/f3/0d/d0d6dea55cd152ce3d6767bb38a8fc10e33796ba4ba210cbab9354b6d238/pillow-11.3.0.tar.gz", hash = "sha256:3828ee7586cd0b2091b6209e5ad53e20d0649bbe87164a459d0676e035e8f523", size = 47113069, upload-time = "2025-07-01T09:16:30.666Z" }
wheels = [
    { url = "https://files.pythonhosted.org/packages/9e/8e/9c089f01677d1264ab8648352dcb7773f37da6ad002542760c80107da816/pillow-11.3.0-cp39-cp39-macosx_10_10_x86_64.whl", hash = "sha256:48d254f8a4c776de343051023eb61ffe818299eeac478da55227d96e241de53f", size = 5316478, upload-time = "2025-07-01T09:15:52.209Z" },
    { url = "https://files.pythonhosted.org/packages/b5/a9/5749930caf674695867eb56a581e78eb5f524b7583ff10b01b6e5048acb3/pillow-11.3.0-cp39-cp39-macosx_11_0_arm64.whl", hash = "sha256:7aee118e30a4cf54fdd873bd3a29de51e29105ab11f9aad8c32123f58c8f8081", size = 4686522, upload-time = "2025-07-01T09:15:54.162Z" },
    { url = "https://files.pythonhosted.org/packages/43/46/0b85b763eb292b691030795f9f6bb6fcaf8948c39413c81696a01c3577f7/pillow-11.3.0-cp39-cp39-manylinux2014_aarch64.manylinux_2_17_aarch64.whl", hash = "sha256:23cff760a9049c502721bdb743a7cb3e03365fafcdfc2ef9784610714166e5a4", size = 5853376, upload-time = "2025-07-03T13:11:01.066Z" },
    { url = "https://files.pythonhosted.org/packages/5e/c6/1a230ec0067243cbd60bc2dad5dc3ab46a8a41e21c15f5c9b52b26873069/pillow-11.3.0-cp39-cp39-manylinux2014_x86_64.manylinux_2_17_x86_64.whl", hash = "sha256:6359a3bc43f57d5b375d1ad54a0074318a0844d11b76abccf478c37c986d3cfc", size = 7626020, upload-time = "2025-07-03T13:11:06.479Z" },
    { url = "https://files.pythonhosted.org/packages/63/dd/f296c27ffba447bfad76c6a0c44c1ea97a90cb9472b9304c94a732e8dbfb/pillow-11.3.0-cp39-cp39-manylinux_2_27_aarch64.manylinux_2_28_aarch64.whl", hash = "sha256:092c80c76635f5ecb10f3f83d76716165c96f5229addbd1ec2bdbbda7d496e06", size = 5956732, upload-time = "2025-07-01T09:15:56.111Z" },
    { url = "https://files.pythonhosted.org/packages/a5/a0/98a3630f0b57f77bae67716562513d3032ae70414fcaf02750279c389a9e/pillow-11.3.0-cp39-cp39-manylinux_2_27_x86_64.manylinux_2_28_x86_64.whl", hash = "sha256:cadc9e0ea0a2431124cde7e1697106471fc4c1da01530e679b2391c37d3fbb3a", size = 6624404, upload-time = "2025-07-01T09:15:58.245Z" },
    { url = "https://files.pythonhosted.org/packages/de/e6/83dfba5646a290edd9a21964da07674409e410579c341fc5b8f7abd81620/pillow-11.3.0-cp39-cp39-musllinux_1_2_aarch64.whl", hash = "sha256:6a418691000f2a418c9135a7cf0d797c1bb7d9a485e61fe8e7722845b95ef978", size = 6067760, upload-time = "2025-07-01T09:16:00.003Z" },
    { url = "https://files.pythonhosted.org/packages/bc/41/15ab268fe6ee9a2bc7391e2bbb20a98d3974304ab1a406a992dcb297a370/pillow-11.3.0-cp39-cp39-musllinux_1_2_x86_64.whl", hash = "sha256:97afb3a00b65cc0804d1c7abddbf090a81eaac02768af58cbdcaaa0a931e0b6d", size = 6700534, upload-time = "2025-07-01T09:16:02.29Z" },
    { url = "https://files.pythonhosted.org/packages/64/79/6d4f638b288300bed727ff29f2a3cb63db054b33518a95f27724915e3fbc/pillow-11.3.0-cp39-cp39-win32.whl", hash = "sha256:ea944117a7974ae78059fcc1800e5d3295172bb97035c0c1d9345fca1419da71", size = 6277091, upload-time = "2025-07-01T09:16:04.4Z" },
    { url = "https://files.pythonhosted.org/packages/46/05/4106422f45a05716fd34ed21763f8ec182e8ea00af6e9cb05b93a247361a/pillow-11.3.0-cp39-cp39-win_amd64.whl", hash = "sha256:e5c5858ad8ec655450a7c7df532e9842cf8df7cc349df7225c60d5d348c8aada", size = 6986091, upload-time = "2025-07-01T09:16:06.342Z" },
    { url = "https://files.pythonhosted.org/packages/63/c6/287fd55c2c12761d0591549d48885187579b7c257bef0c6660755b0b59ae/pillow-11.3.0-cp39-cp39-win_arm64.whl", hash = "sha256:6abdbfd3aea42be05702a8dd98832329c167ee84400a1d1f61ab11437f1717eb", size = 2422632, upload-time = "2025-07-01T09:16:08.142Z" },
]

[[package]]
name = "protobuf"
version = "6.32.0"
source = { registry = "https://pypi.org/simple" }
sdist = { url = "https://files.pythonhosted.org/packages/c0/df/fb4a8eeea482eca989b51cffd274aac2ee24e825f0bf3cbce5281fa1567b/protobuf-6.32.0.tar.gz", hash = "sha256:a81439049127067fc49ec1d36e25c6ee1d1a2b7be930675f919258d03c04e7d2", size = 440614, upload-time = "2025-08-14T21:21:25.015Z" }
wheels = [
    { url = "https://files.pythonhosted.org/packages/33/18/df8c87da2e47f4f1dcc5153a81cd6bca4e429803f4069a299e236e4dd510/protobuf-6.32.0-cp310-abi3-win32.whl", hash = "sha256:84f9e3c1ff6fb0308dbacb0950d8aa90694b0d0ee68e75719cb044b7078fe741", size = 424409, upload-time = "2025-08-14T21:21:12.366Z" },
    { url = "https://files.pythonhosted.org/packages/e1/59/0a820b7310f8139bd8d5a9388e6a38e1786d179d6f33998448609296c229/protobuf-6.32.0-cp310-abi3-win_amd64.whl", hash = "sha256:a8bdbb2f009cfc22a36d031f22a625a38b615b5e19e558a7b756b3279723e68e", size = 435735, upload-time = "2025-08-14T21:21:15.046Z" },
    { url = "https://files.pythonhosted.org/packages/cc/5b/0d421533c59c789e9c9894683efac582c06246bf24bb26b753b149bd88e4/protobuf-6.32.0-cp39-abi3-macosx_10_9_universal2.whl", hash = "sha256:d52691e5bee6c860fff9a1c86ad26a13afbeb4b168cd4445c922b7e2cf85aaf0", size = 426449, upload-time = "2025-08-14T21:21:16.687Z" },
    { url = "https://files.pythonhosted.org/packages/ec/7b/607764ebe6c7a23dcee06e054fd1de3d5841b7648a90fd6def9a3bb58c5e/protobuf-6.32.0-cp39-abi3-manylinux2014_aarch64.whl", hash = "sha256:501fe6372fd1c8ea2a30b4d9be8f87955a64d6be9c88a973996cef5ef6f0abf1", size = 322869, upload-time = "2025-08-14T21:21:18.282Z" },
    { url = "https://files.pythonhosted.org/packages/40/01/2e730bd1c25392fc32e3268e02446f0d77cb51a2c3a8486b1798e34d5805/protobuf-6.32.0-cp39-abi3-manylinux2014_x86_64.whl", hash = "sha256:75a2aab2bd1aeb1f5dc7c5f33bcb11d82ea8c055c9becbb41c26a8c43fd7092c", size = 322009, upload-time = "2025-08-14T21:21:19.893Z" },
    { url = "https://files.pythonhosted.org/packages/84/9c/244509764dc78d69e4a72bfe81b00f2691bdfcaffdb591a3e158695096d7/protobuf-6.32.0-cp39-cp39-win32.whl", hash = "sha256:7db8ed09024f115ac877a1427557b838705359f047b2ff2f2b2364892d19dacb", size = 424503, upload-time = "2025-08-14T21:21:21.328Z" },
    { url = "https://files.pythonhosted.org/packages/9b/6f/b1d90a22f619808cf6337aede0d6730af1849330f8dc4d434cfc4a8831b4/protobuf-6.32.0-cp39-cp39-win_amd64.whl", hash = "sha256:15eba1b86f193a407607112ceb9ea0ba9569aed24f93333fe9a497cf2fda37d3", size = 435822, upload-time = "2025-08-14T21:21:22.495Z" },
    { url = "https://files.pythonhosted.org/packages/9c/f2/80ffc4677aac1bc3519b26bc7f7f5de7fce0ee2f7e36e59e27d8beb32dd1/protobuf-6.32.0-py3-none-any.whl", hash = "sha256:ba377e5b67b908c8f3072a57b63e2c6a4cbd18aea4ed98d2584350dbf46f2783", size = 169287, upload-time = "2025-08-14T21:21:23.515Z" },
]

[[package]]
name = "pyyaml"
version = "6.0.2"
source = { registry = "https://pypi.org/simple" }
sdist = { url = "https://files.pythonhosted.org/packages/54/ed/79a089b6be93607fa5cdaedf301d7dfb23af5f25c398d5ead2525b063e17/pyyaml-6.0.2.tar.gz", hash = "sha256:d584d9ec91ad65861cc08d42e834324ef890a082e591037abe114850ff7bbc3e", size = 130631, upload-time = "2024-08-06T20:33:50.674Z" }
wheels = [
    { url = "https://files.pythonhosted.org/packages/65/d8/b7a1db13636d7fb7d4ff431593c510c8b8fca920ade06ca8ef20015493c5/PyYAML-6.0.2-cp39-cp39-macosx_10_9_x86_64.whl", hash = "sha256:688ba32a1cffef67fd2e9398a2efebaea461578b0923624778664cc1c914db5d", size = 184777, upload-time = "2024-08-06T20:33:25.896Z" },
    { url = "https://files.pythonhosted.org/packages/0a/02/6ec546cd45143fdf9840b2c6be8d875116a64076218b61d68e12548e5839/PyYAML-6.0.2-cp39-cp39-macosx_11_0_arm64.whl", hash = "sha256:a8786accb172bd8afb8be14490a16625cbc387036876ab6ba70912730faf8e1f", size = 172318, upload-time = "2024-08-06T20:33:27.212Z" },
    { url = "https://files.pythonhosted.org/packages/0e/9a/8cc68be846c972bda34f6c2a93abb644fb2476f4dcc924d52175786932c9/PyYAML-6.0.2-cp39-cp39-manylinux_2_17_aarch64.manylinux2014_aarch64.whl", hash = "sha256:d8e03406cac8513435335dbab54c0d385e4a49e4945d2909a581c83647ca0290", size = 720891, upload-time = "2024-08-06T20:33:28.974Z" },
    { url = "https://files.pythonhosted.org/packages/e9/6c/6e1b7f40181bc4805e2e07f4abc10a88ce4648e7e95ff1abe4ae4014a9b2/PyYAML-6.0.2-cp39-cp39-manylinux_2_17_s390x.manylinux2014_s390x.whl", hash = "sha256:f753120cb8181e736c57ef7636e83f31b9c0d1722c516f7e86cf15b7aa57ff12", size = 722614, upload-time = "2024-08-06T20:33:34.157Z" },
    { url = "https://files.pythonhosted.org/packages/3d/32/e7bd8535d22ea2874cef6a81021ba019474ace0d13a4819c2a4bce79bd6a/PyYAML-6.0.2-cp39-cp39-manylinux_2_17_x86_64.manylinux2014_x86_64.whl", hash = "sha256:3b1fdb9dc17f5a7677423d508ab4f243a726dea51fa5e70992e59a7411c89d19", size = 737360, upload-time = "2024-08-06T20:33:35.84Z" },
    { url = "https://files.pythonhosted.org/packages/d7/12/7322c1e30b9be969670b672573d45479edef72c9a0deac3bb2868f5d7469/PyYAML-6.0.2-cp39-cp39-musllinux_1_1_aarch64.whl", hash = "sha256:0b69e4ce7a131fe56b7e4d770c67429700908fc0752af059838b1cfb41960e4e", size = 699006, upload-time = "2024-08-06T20:33:37.501Z" },
    { url = "https://files.pythonhosted.org/packages/82/72/04fcad41ca56491995076630c3ec1e834be241664c0c09a64c9a2589b507/PyYAML-6.0.2-cp39-cp39-musllinux_1_1_x86_64.whl", hash = "sha256:a9f8c2e67970f13b16084e04f134610fd1d374bf477b17ec1599185cf611d725", size = 723577, upload-time = "2024-08-06T20:33:39.389Z" },
    { url = "https://files.pythonhosted.org/packages/ed/5e/46168b1f2757f1fcd442bc3029cd8767d88a98c9c05770d8b420948743bb/PyYAML-6.0.2-cp39-cp39-win32.whl", hash = "sha256:6395c297d42274772abc367baaa79683958044e5d3835486c16da75d2a694631", size = 144593, upload-time = "2024-08-06T20:33:46.63Z" },
    { url = "https://files.pythonhosted.org/packages/19/87/5124b1c1f2412bb95c59ec481eaf936cd32f0fe2a7b16b97b81c4c017a6a/PyYAML-6.0.2-cp39-cp39-win_amd64.whl", hash = "sha256:39693e1f8320ae4f43943590b49779ffb98acb81f788220ea932a6b6c51004d8", size = 162312, upload-time = "2024-08-06T20:33:49.073Z" },
]

[[package]]
name = "requests"
version = "2.32.5"
source = { registry = "https://pypi.org/simple" }
dependencies = [
    { name = "certifi" },
    { name = "charset-normalizer" },
    { name = "idna" },
    { name = "urllib3" },
]
sdist = { url = "https://files.pythonhosted.org/packages/c9/74/b3ff8e6c8446842c3f5c837e9c3dfcfe2018ea6ecef224c710c85ef728f4/requests-2.32.5.tar.gz", hash = "sha256:dbba0bac56e100853db0ea71b82b4dfd5fe2bf6d3754a8893c3af500cec7d7cf", size = 134517, upload-time = "2025-08-18T20:46:02.573Z" }
wheels = [
    { url = "https://files.pythonhosted.org/packages/1e/db/4254e3eabe8020b458f1a747140d32277ec7a271daf1d235b70dc0b4e6e3/requests-2.32.5-py3-none-any.whl", hash = "sha256:2462f94637a34fd532264295e186976db0f5d453d1cdd31473c85a6a161affb6", size = 64738, upload-time = "2025-08-18T20:46:00.542Z" },
]

[[package]]
name = "safetensors"
version = "0.6.2"
source = { registry = "https://pypi.org/simple" }
sdist = { url = "https://files.pythonhosted.org/packages/ac/cc/738f3011628920e027a11754d9cae9abec1aed00f7ae860abbf843755233/safetensors-0.6.2.tar.gz", hash = "sha256:43ff2aa0e6fa2dc3ea5524ac7ad93a9839256b8703761e76e2d0b2a3fa4f15d9", size = 197968, upload-time = "2025-08-08T13:13:58.654Z" }
wheels = [
    { url = "https://files.pythonhosted.org/packages/4d/b1/3f5fd73c039fc87dba3ff8b5d528bfc5a32b597fea8e7a6a4800343a17c7/safetensors-0.6.2-cp38-abi3-macosx_10_12_x86_64.whl", hash = "sha256:9c85ede8ec58f120bad982ec47746981e210492a6db876882aa021446af8ffba", size = 454797, upload-time = "2025-08-08T13:13:52.066Z" },
    { url = "https://files.pythonhosted.org/packages/8c/c9/bb114c158540ee17907ec470d01980957fdaf87b4aa07914c24eba87b9c6/safetensors-0.6.2-cp38-abi3-macosx_11_0_arm64.whl", hash = "sha256:d6675cf4b39c98dbd7d940598028f3742e0375a6b4d4277e76beb0c35f4b843b", size = 432206, upload-time = "2025-08-08T13:13:50.931Z" },
    { url = "https://files.pythonhosted.org/packages/d3/8e/f70c34e47df3110e8e0bb268d90db8d4be8958a54ab0336c9be4fe86dac8/safetensors-0.6.2-cp38-abi3-manylinux_2_17_aarch64.manylinux2014_aarch64.whl", hash = "sha256:1d2d2b3ce1e2509c68932ca03ab8f20570920cd9754b05063d4368ee52833ecd", size = 473261, upload-time = "2025-08-08T13:13:41.259Z" },
    { url = "https://files.pythonhosted.org/packages/2a/f5/be9c6a7c7ef773e1996dc214e73485286df1836dbd063e8085ee1976f9cb/safetensors-0.6.2-cp38-abi3-manylinux_2_17_armv7l.manylinux2014_armv7l.whl", hash = "sha256:93de35a18f46b0f5a6a1f9e26d91b442094f2df02e9fd7acf224cfec4238821a", size = 485117, upload-time = "2025-08-08T13:13:43.506Z" },
    { url = "https://files.pythonhosted.org/packages/c9/55/23f2d0a2c96ed8665bf17a30ab4ce5270413f4d74b6d87dd663258b9af31/safetensors-0.6.2-cp38-abi3-manylinux_2_17_ppc64le.manylinux2014_ppc64le.whl", hash = "sha256:89a89b505f335640f9120fac65ddeb83e40f1fd081cb8ed88b505bdccec8d0a1", size = 616154, upload-time = "2025-08-08T13:13:45.096Z" },
    { url = "https://files.pythonhosted.org/packages/98/c6/affb0bd9ce02aa46e7acddbe087912a04d953d7a4d74b708c91b5806ef3f/safetensors-0.6.2-cp38-abi3-manylinux_2_17_s390x.manylinux2014_s390x.whl", hash = "sha256:fc4d0d0b937e04bdf2ae6f70cd3ad51328635fe0e6214aa1fc811f3b576b3bda", size = 520713, upload-time = "2025-08-08T13:13:46.25Z" },
    { url = "https://files.pythonhosted.org/packages/fe/5d/5a514d7b88e310c8b146e2404e0dc161282e78634d9358975fd56dfd14be/safetensors-0.6.2-cp38-abi3-manylinux_2_17_x86_64.manylinux2014_x86_64.whl", hash = "sha256:8045db2c872db8f4cbe3faa0495932d89c38c899c603f21e9b6486951a5ecb8f", size = 485835, upload-time = "2025-08-08T13:13:49.373Z" },
    { url = "https://files.pythonhosted.org/packages/7a/7b/4fc3b2ba62c352b2071bea9cfbad330fadda70579f617506ae1a2f129cab/safetensors-0.6.2-cp38-abi3-manylinux_2_5_i686.manylinux1_i686.whl", hash = "sha256:81e67e8bab9878bb568cffbc5f5e655adb38d2418351dc0859ccac158f753e19", size = 521503, upload-time = "2025-08-08T13:13:47.651Z" },
    { url = "https://files.pythonhosted.org/packages/5a/50/0057e11fe1f3cead9254315a6c106a16dd4b1a19cd247f7cc6414f6b7866/safetensors-0.6.2-cp38-abi3-musllinux_1_2_aarch64.whl", hash = "sha256:b0e4d029ab0a0e0e4fdf142b194514695b1d7d3735503ba700cf36d0fc7136ce", size = 652256, upload-time = "2025-08-08T13:13:53.167Z" },
    { url = "https://files.pythonhosted.org/packages/e9/29/473f789e4ac242593ac1656fbece6e1ecd860bb289e635e963667807afe3/safetensors-0.6.2-cp38-abi3-musllinux_1_2_armv7l.whl", hash = "sha256:fa48268185c52bfe8771e46325a1e21d317207bcabcb72e65c6e28e9ffeb29c7", size = 747281, upload-time = "2025-08-08T13:13:54.656Z" },
    { url = "https://files.pythonhosted.org/packages/68/52/f7324aad7f2df99e05525c84d352dc217e0fa637a4f603e9f2eedfbe2c67/safetensors-0.6.2-cp38-abi3-musllinux_1_2_i686.whl", hash = "sha256:d83c20c12c2d2f465997c51b7ecb00e407e5f94d7dec3ea0cc11d86f60d3fde5", size = 692286, upload-time = "2025-08-08T13:13:55.884Z" },
    { url = "https://files.pythonhosted.org/packages/ad/fe/cad1d9762868c7c5dc70c8620074df28ebb1a8e4c17d4c0cb031889c457e/safetensors-0.6.2-cp38-abi3-musllinux_1_2_x86_64.whl", hash = "sha256:d944cea65fad0ead848b6ec2c37cc0b197194bec228f8020054742190e9312ac", size = 655957, upload-time = "2025-08-08T13:13:57.029Z" },
    { url = "https://files.pythonhosted.org/packages/59/a7/e2158e17bbe57d104f0abbd95dff60dda916cf277c9f9663b4bf9bad8b6e/safetensors-0.6.2-cp38-abi3-win32.whl", hash = "sha256:cab75ca7c064d3911411461151cb69380c9225798a20e712b102edda2542ddb1", size = 308926, upload-time = "2025-08-08T13:14:01.095Z" },
    { url = "https://files.pythonhosted.org/packages/2c/c3/c0be1135726618dc1e28d181b8c442403d8dbb9e273fd791de2d4384bcdd/safetensors-0.6.2-cp38-abi3-win_amd64.whl", hash = "sha256:c7b214870df923cbc1593c3faee16bec59ea462758699bd3fee399d00aac072c", size = 320192, upload-time = "2025-08-08T13:13:59.467Z" },
]

[[package]]
name = "scikit-learn"
version = "1.6.1"
source = { registry = "https://pypi.org/simple" }
dependencies = [
    { name = "joblib" },
    { name = "numpy" },
    { name = "scipy" },
    { name = "threadpoolctl" },
]
sdist = { url = "https://files.pythonhosted.org/packages/9e/a5/4ae3b3a0755f7b35a280ac90b28817d1f380318973cff14075ab41ef50d9/scikit_learn-1.6.1.tar.gz", hash = "sha256:b4fc2525eca2c69a59260f583c56a7557c6ccdf8deafdba6e060f94c1c59738e", size = 7068312, upload-time = "2025-01-10T08:07:55.348Z" }
wheels = [
    { url = "https://files.pythonhosted.org/packages/d2/37/b305b759cc65829fe1b8853ff3e308b12cdd9d8884aa27840835560f2b42/scikit_learn-1.6.1-cp39-cp39-macosx_10_9_x86_64.whl", hash = "sha256:6849dd3234e87f55dce1db34c89a810b489ead832aaf4d4550b7ea85628be6c1", size = 12101868, upload-time = "2025-01-10T08:07:34.189Z" },
    { url = "https://files.pythonhosted.org/packages/83/74/f64379a4ed5879d9db744fe37cfe1978c07c66684d2439c3060d19a536d8/scikit_learn-1.6.1-cp39-cp39-macosx_12_0_arm64.whl", hash = "sha256:e7be3fa5d2eb9be7d77c3734ff1d599151bb523674be9b834e8da6abe132f44e", size = 11144062, upload-time = "2025-01-10T08:07:37.67Z" },
    { url = "https://files.pythonhosted.org/packages/fd/dc/d5457e03dc9c971ce2b0d750e33148dd060fefb8b7dc71acd6054e4bb51b/scikit_learn-1.6.1-cp39-cp39-manylinux_2_17_aarch64.manylinux2014_aarch64.whl", hash = "sha256:44a17798172df1d3c1065e8fcf9019183f06c87609b49a124ebdf57ae6cb0107", size = 12693173, upload-time = "2025-01-10T08:07:42.713Z" },
    { url = "https://files.pythonhosted.org/packages/79/35/b1d2188967c3204c78fa79c9263668cf1b98060e8e58d1a730fe5b2317bb/scikit_learn-1.6.1-cp39-cp39-manylinux_2_17_x86_64.manylinux2014_x86_64.whl", hash = "sha256:b8b7a3b86e411e4bce21186e1c180d792f3d99223dcfa3b4f597ecc92fa1a422", size = 13518605, upload-time = "2025-01-10T08:07:46.551Z" },
    { url = "https://files.pythonhosted.org/packages/fb/d8/8d603bdd26601f4b07e2363032b8565ab82eb857f93d86d0f7956fcf4523/scikit_learn-1.6.1-cp39-cp39-win_amd64.whl", hash = "sha256:7a73d457070e3318e32bdb3aa79a8d990474f19035464dfd8bede2883ab5dc3b", size = 11155078, upload-time = "2025-01-10T08:07:51.376Z" },
]

[[package]]
name = "scipy"
version = "1.10.1"
source = { registry = "https://pypi.org/simple" }
dependencies = [
    { name = "numpy" },
]
sdist = { url = "https://files.pythonhosted.org/packages/84/a9/2bf119f3f9cff1f376f924e39cfae18dec92a1514784046d185731301281/scipy-1.10.1.tar.gz", hash = "sha256:2cf9dfb80a7b4589ba4c40ce7588986d6d5cebc5457cad2c2880f6bc2d42f3a5", size = 42407997, upload-time = "2023-02-19T21:20:13.395Z" }
wheels = [
    { url = "https://files.pythonhosted.org/packages/d9/7d/78b8035bc93c869b9f17261c87aae97a9cdb937f65f0d453c2831aa172fc/scipy-1.10.1-cp39-cp39-macosx_10_9_x86_64.whl", hash = "sha256:cd9f1027ff30d90618914a64ca9b1a77a431159df0e2a195d8a9e8a04c78abf9", size = 35158611, upload-time = "2023-02-19T20:56:02.715Z" },
    { url = "https://files.pythonhosted.org/packages/e7/f0/55d81813b1a4cb79ce7dc8290eac083bf38bfb36e1ada94ea13b7b1a5f79/scipy-1.10.1-cp39-cp39-macosx_12_0_arm64.whl", hash = "sha256:79c8e5a6c6ffaf3a2262ef1be1e108a035cf4f05c14df56057b64acc5bebffb6", size = 28902591, upload-time = "2023-02-19T20:56:45.728Z" },
    { url = "https://files.pythonhosted.org/packages/77/d1/722c457b319eed1d642e0a14c9be37eb475f0e6ed1f3401fa480d5d6d36e/scipy-1.10.1-cp39-cp39-manylinux_2_17_aarch64.manylinux2014_aarch64.whl", hash = "sha256:51af417a000d2dbe1ec6c372dfe688e041a7084da4fdd350aeb139bd3fb55353", size = 30960654, upload-time = "2023-02-19T20:57:32.091Z" },
    { url = "https://files.pythonhosted.org/packages/5d/30/b2a2a5bf1a3beefb7609fb871dcc6aef7217c69cef19a4631b7ab5622a8a/scipy-1.10.1-cp39-cp39-manylinux_2_17_x86_64.manylinux2014_x86_64.whl", hash = "sha256:1b4735d6c28aad3cdcf52117e0e91d6b39acd4272f3f5cd9907c24ee931ad601", size = 34458863, upload-time = "2023-02-19T20:58:23.601Z" },
    { url = "https://files.pythonhosted.org/packages/35/20/0ec6246bbb43d18650c9a7cad6602e1a84fd8f9564a9b84cc5faf1e037d0/scipy-1.10.1-cp39-cp39-win_amd64.whl", hash = "sha256:7ff7f37b1bf4417baca958d254e8e2875d0cc23aaadbe65b3d5b3077b0eb23ea", size = 42509516, upload-time = "2023-02-19T20:59:26.296Z" },
]

[[package]]
name = "six"
version = "1.17.0"
source = { registry = "https://pypi.org/simple" }
sdist = { url = "https://files.pythonhosted.org/packages/94/e7/b2c673351809dca68a0e064b6af791aa332cf192da575fd474ed7d6f16a2/six-1.17.0.tar.gz", hash = "sha256:ff70335d468e7eb6ec65b95b99d3a2836546063f63acc5171de367e834932a81", size = 34031, upload-time = "2024-12-04T17:35:28.174Z" }
wheels = [
    { url = "https://files.pythonhosted.org/packages/b7/ce/149a00dd41f10bc29e5921b496af8b574d8413afcd5e30dfa0ed46c2cc5e/six-1.17.0-py2.py3-none-any.whl", hash = "sha256:4721f391ed90541fddacab5acf947aa0d3dc7d27b2e1e8eda2be8970586c3274", size = 11050, upload-time = "2024-12-04T17:35:26.475Z" },
]

[[package]]
name = "skateformer"
version = "0.1.0"
source = { virtual = "." }
dependencies = [
    { name = "h5py" },
    { name = "numpy" },
    { name = "pyyaml" },
    { name = "scikit-learn" },
    { name = "tensorboardx" },
    { name = "timm" },
    { name = "torch" },
    { name = "torchlight" },
    { name = "torchpack" },
    { name = "torchvision" },
    { name = "tqdm" },
]

[package.metadata]
requires-dist = [
    { name = "h5py", specifier = ">=3.14.0" },
    { name = "numpy", specifier = "<1.20" },
    { name = "pyyaml", specifier = ">=6.0.0" },
    { name = "scikit-learn", specifier = ">=1.0.0" },
    { name = "tensorboardx", specifier = ">=2.6.4" },
    { name = "timm", specifier = ">=1.0.19" },
    { name = "torch" },
    { name = "torchlight", directory = "torchlight" },
    { name = "torchpack", specifier = "==0.2.2" },
    { name = "torchvision", specifier = "==0.13.*" },
    { name = "tqdm", specifier = ">=4.67.1" },
]

[[package]]
name = "tensorboardx"
version = "2.6.4"
source = { registry = "https://pypi.org/simple" }
dependencies = [
    { name = "numpy" },
    { name = "packaging" },
    { name = "protobuf" },
]
sdist = { url = "https://files.pythonhosted.org/packages/2b/c5/d4cc6e293fb837aaf9f76dd7745476aeba8ef7ef5146c3b3f9ee375fe7a5/tensorboardx-2.6.4.tar.gz", hash = "sha256:b163ccb7798b31100b9f5fa4d6bc22dad362d7065c2f24b51e50731adde86828", size = 4769801, upload-time = "2025-06-10T22:37:07.419Z" }
wheels = [
    { url = "https://files.pythonhosted.org/packages/e0/1d/b5d63f1a6b824282b57f7b581810d20b7a28ca951f2d5b59f1eb0782c12b/tensorboardx-2.6.4-py3-none-any.whl", hash = "sha256:5970cf3a1f0a6a6e8b180ccf46f3fe832b8a25a70b86e5a237048a7c0beb18e2", size = 87201, upload-time = "2025-06-10T22:37:05.44Z" },
]

[[package]]
name = "threadpoolctl"
version = "3.6.0"
source = { registry = "https://pypi.org/simple" }
sdist = { url = "https://files.pythonhosted.org/packages/b7/4d/08c89e34946fce2aec4fbb45c9016efd5f4d7f24af8e5d93296e935631d8/threadpoolctl-3.6.0.tar.gz", hash = "sha256:8ab8b4aa3491d812b623328249fab5302a68d2d71745c8a4c719a2fcaba9f44e", size = 21274, upload-time = "2025-03-13T13:49:23.031Z" }
wheels = [
    { url = "https://files.pythonhosted.org/packages/32/d5/f9a850d79b0851d1d4ef6456097579a9005b31fea68726a4ae5f2d82ddd9/threadpoolctl-3.6.0-py3-none-any.whl", hash = "sha256:43a0b8fd5a2928500110039e43a5eed8480b918967083ea48dc3ab9f13c4a7fb", size = 18638, upload-time = "2025-03-13T13:49:21.846Z" },
]

[[package]]
name = "timm"
version = "1.0.19"
source = { registry = "https://pypi.org/simple" }
dependencies = [
    { name = "huggingface-hub" },
    { name = "pyyaml" },
    { name = "safetensors" },
    { name = "torch" },
    { name = "torchvision" },
]
sdist = { url = "https://files.pythonhosted.org/packages/1c/78/0789838cf20ba1cc09907914a008c1823d087132b48aa1ccde5e7934175a/timm-1.0.19.tar.gz", hash = "sha256:6e71e1f67ac80c229d3a78ca58347090514c508aeba8f2e2eb5289eda86e9f43", size = 2353261, upload-time = "2025-07-24T03:04:05.281Z" }
wheels = [
    { url = "https://files.pythonhosted.org/packages/dc/74/661c63260cccf19ed5932e8b3f22f95ecd8bb34b9d9e6af9e1e7b961f254/timm-1.0.19-py3-none-any.whl", hash = "sha256:c07b56c32f3d3226c656f75c1b5479c08eb34eefed927c82fd8751a852f47931", size = 2497950, upload-time = "2025-07-24T03:04:03.097Z" },
]

[[package]]
name = "torch"
version = "1.12.1"
source = { registry = "https://pypi.org/simple" }
dependencies = [
    { name = "typing-extensions" },
]
wheels = [
    { url = "https://files.pythonhosted.org/packages/1e/2f/06d30fbc76707f14641fe737f0715f601243e039d676be487d0340559c86/torch-1.12.1-cp39-cp39-manylinux1_x86_64.whl", hash = "sha256:9b356aea223772cd754edb4d9ecf2a025909b8615a7668ac7d5130f86e7ec421", size = 776354902, upload-time = "2022-08-05T17:21:05.65Z" },
    { url = "https://files.pythonhosted.org/packages/65/53/368e6cc70870ec65a520f20d9d55e52de38c2130aa8f90fe51d5c08a1dc6/torch-1.12.1-cp39-cp39-manylinux2014_aarch64.whl", hash = "sha256:6cf6f54b43c0c30335428195589bd00e764a6d27f3b9ba637aaa8c11aaf93073", size = 55714845, upload-time = "2022-08-05T17:27:04.049Z" },
    { url = "https://files.pythonhosted.org/packages/8b/af/950a5da8937a95ca3bb6d638b95aa64c08254c352940594f4a7c18db053b/torch-1.12.1-cp39-cp39-win_amd64.whl", hash = "sha256:f00c721f489089dc6364a01fd84906348fe02243d0af737f944fddb36003400d", size = 161789205, upload-time = "2022-08-05T17:25:32.873Z" },
    { url = "https://files.pythonhosted.org/packages/71/08/dc7e078f035d17c7cecc8cae81cc450827eb95cd59785346663aafb17d90/torch-1.12.1-cp39-none-macosx_10_9_x86_64.whl", hash = "sha256:bfec2843daa654f04fda23ba823af03e7b6f7650a873cdb726752d0e3718dada", size = 133800105, upload-time = "2022-08-05T17:23:22.99Z" },
    { url = "https://files.pythonhosted.org/packages/c8/74/fd7d90bb7c589a695417e6922149dc3eb29fe0c9a97b6fb28ae851f1c19f/torch-1.12.1-cp39-none-macosx_11_0_arm64.whl", hash = "sha256:69fe2cae7c39ccadd65a123793d30e0db881f1c1927945519c5c17323131437e", size = 49100468, upload-time = "2022-08-05T17:25:06.327Z" },
]

[[package]]
name = "torchlight"
version = "1.0"
source = { directory = "torchlight" }

[[package]]
name = "torchpack"
version = "0.2.2"
source = { registry = "https://pypi.org/simple" }
dependencies = [
    { name = "requests" },
    { name = "six" },
]
sdist = { url = "https://files.pythonhosted.org/packages/3d/16/c9ebfc62333b480f6e8257148221352415958676ab384dae9fbdafd97add/torchpack-0.2.2.tar.gz", hash = "sha256:58570f158cf55fcca99a1b22a021b67855e4cc0ed64ca17016dbf9946857643e", size = 12875, upload-time = "2018-07-29T05:45:41.219Z" }
wheels = [
    { url = "https://files.pythonhosted.org/packages/95/01/70ed2aa757c545d3f825e5b8199817db69df29cddeeee68033e8f9d89fbe/torchpack-0.2.2-py3-none-any.whl", hash = "sha256:47df7caec468b0e97089f6e6afa8988467a5252d87b9b5610c58fa988b32f9a8", size = 18340, upload-time = "2018-07-29T05:45:39.612Z" },
]

[[package]]
name = "torchvision"
version = "0.13.1"
source = { registry = "https://pypi.org/simple" }
dependencies = [
    { name = "numpy" },
    { name = "pillow" },
    { name = "requests" },
    { name = "torch" },
    { name = "typing-extensions" },
]
wheels = [
    { url = "https://files.pythonhosted.org/packages/f3/2b/ccfaea92b4fc8773ff1102991042b58c058c5f2053d44c17125604a074f9/torchvision-0.13.1-cp39-cp39-macosx_10_9_x86_64.whl", hash = "sha256:0298bae3b09ac361866088434008d82b99d6458fe8888c8df90720ef4b347d44", size = 1285463, upload-time = "2022-08-05T17:33:07.411Z" },
    { url = "https://files.pythonhosted.org/packages/c8/01/d0a22281ca082721b4672b7f27d52243fc81fd2a10d7bc218b4b0f6c5feb/torchvision-0.13.1-cp39-cp39-macosx_11_0_arm64.whl", hash = "sha256:c5ed609c8bc88c575226400b2232e0309094477c82af38952e0373edef0003fd", size = 1210314, upload-time = "2022-08-05T17:33:02.952Z" },
    { url = "https://files.pythonhosted.org/packages/ed/44/ab2f3a6670a054c5ec0e7c295f437d043a4be46f07ff2d9fce73cadb7549/torchvision-0.13.1-cp39-cp39-manylinux1_x86_64.whl", hash = "sha256:3567fb3def829229ec217c1e38f08c5128ff7fb65854cac17ebac358ff7aa309", size = 19127056, upload-time = "2022-08-05T17:32:40.167Z" },
    { url = "https://files.pythonhosted.org/packages/b1/80/6230a7f1a5e078595f1a7e2bdf02bd1ede631f8bdc8dbc6d4e9fece6e8ca/torchvision-0.13.1-cp39-cp39-manylinux2014_aarch64.whl", hash = "sha256:b167934a5943242da7b1e59318f911d2d253feeca0d13ad5d832b58eed943401", size = 701730, upload-time = "2022-08-05T17:32:42.972Z" },
    { url = "https://files.pythonhosted.org/packages/ff/33/f8e838088c0de6a162288c2cbde225b6d98f01de552a42160dd9012f9507/torchvision-0.13.1-cp39-cp39-win_amd64.whl", hash = "sha256:0e77706cc90462653620e336bb90daf03d7bf1b88c3a9a3037df8d111823a56e", size = 1065985, upload-time = "2022-08-05T17:33:00.937Z" },
]

[[package]]
name = "tqdm"
version = "4.67.1"
source = { registry = "https://pypi.org/simple" }
dependencies = [
    { name = "colorama", marker = "sys_platform == 'win32'" },
]
sdist = { url = "https://files.pythonhosted.org/packages/a8/4b/29b4ef32e036bb34e4ab51796dd745cdba7ed47ad142a9f4a1eb8e0c744d/tqdm-4.67.1.tar.gz", hash = "sha256:f8aef9c52c08c13a65f30ea34f4e5aac3fd1a34959879d7e59e63027286627f2", size = 169737, upload-time = "2024-11-24T20:12:22.481Z" }
wheels = [
    { url = "https://files.pythonhosted.org/packages/d0/30/dc54f88dd4a2b5dc8a0279bdd7270e735851848b762aeb1c1184ed1f6b14/tqdm-4.67.1-py3-none-any.whl", hash = "sha256:26445eca388f82e72884e0d580d5464cd801a3ea01e63e5601bdff9ba6a48de2", size = 78540, upload-time = "2024-11-24T20:12:19.698Z" },
]

[[package]]
name = "typing-extensions"
version = "4.14.1"
source = { registry = "https://pypi.org/simple" }
sdist = { url = "https://files.pythonhosted.org/packages/98/5a/da40306b885cc8c09109dc2e1abd358d5684b1425678151cdaed4731c822/typing_extensions-4.14.1.tar.gz", hash = "sha256:38b39f4aeeab64884ce9f74c94263ef78f3c22467c8724005483154c26648d36", size = 107673, upload-time = "2025-07-04T13:28:34.16Z" }
wheels = [
    { url = "https://files.pythonhosted.org/packages/b5/00/d631e67a838026495268c2f6884f3711a15a9a2a96cd244fdaea53b823fb/typing_extensions-4.14.1-py3-none-any.whl", hash = "sha256:d1e1e3b58374dc93031d6eda2420a48ea44a36c2b4766a4fdeb3710755731d76", size = 43906, upload-time = "2025-07-04T13:28:32.743Z" },
]

[[package]]
name = "urllib3"
version = "2.5.0"
source = { registry = "https://pypi.org/simple" }
sdist = { url = "https://files.pythonhosted.org/packages/15/22/9ee70a2574a4f4599c47dd506532914ce044817c7752a79b6a51286319bc/urllib3-2.5.0.tar.gz", hash = "sha256:3fc47733c7e419d4bc3f6b3dc2b4f890bb743906a30d56ba4a5bfa4bbff92760", size = 393185, upload-time = "2025-06-18T14:07:41.644Z" }
wheels = [
    { url = "https://files.pythonhosted.org/packages/a7/c2/fe1e52489ae3122415c51f387e221dd0773709bad6c6cdaa599e8a2c5185/urllib3-2.5.0-py3-none-any.whl", hash = "sha256:e6b01673c0fa6a13e374b50871808eb3bf7046c4b125b216f6bf1cc604cff0dc", size = 129795, upload-time = "2025-06-18T14:07:40.39Z" },
]
